// !$*UTF8*$!
{
	archiveVersion = 1;
	classes = {
	};
	objectVersion = 50;
	objects = {

/* Begin PBXBuildFile section */
		5F7C863823A71B09008889C1 /* LeetCode_1_0198.c in Sources */ = {isa = PBXBuildFile; fileRef = 5F7C863723A71B09008889C1 /* LeetCode_1_0198.c */; };
		5F7C863B23A71BE6008889C1 /* LeetCode_283_0198.c in Sources */ = {isa = PBXBuildFile; fileRef = 5F7C863A23A71BE6008889C1 /* LeetCode_283_0198.c */; };
		5F7C863E23A728DE008889C1 /* LeetCode_66_0198.c in Sources */ = {isa = PBXBuildFile; fileRef = 5F7C863D23A728DE008889C1 /* LeetCode_66_0198.c */; };
		5F7C864123A75822008889C1 /* LeetCode_641_0198.c in Sources */ = {isa = PBXBuildFile; fileRef = 5F7C864023A75822008889C1 /* LeetCode_641_0198.c */; };
		5F7C864423A75FC5008889C1 /* LeetCode_42_0198.c in Sources */ = {isa = PBXBuildFile; fileRef = 5F7C864323A75FC5008889C1 /* LeetCode_42_0198.c */; };
		6DF98ED923A61E4D00D20CCB /* main.m in Sources */ = {isa = PBXBuildFile; fileRef = 6DF98ED823A61E4D00D20CCB /* main.m */; };
		6DF98EE123A61EBF00D20CCB /* LeetCode_26_0198.c in Sources */ = {isa = PBXBuildFile; fileRef = 6DF98EE023A61EBF00D20CCB /* LeetCode_26_0198.c */; };
		6DF98EE423A6200500D20CCB /* LeetCode_189_0198.c in Sources */ = {isa = PBXBuildFile; fileRef = 6DF98EE323A6200500D20CCB /* LeetCode_189_0198.c */; };
		6DF98EE723A6229C00D20CCB /* LeetCode_21_0198.c in Sources */ = {isa = PBXBuildFile; fileRef = 6DF98EE623A6229C00D20CCB /* LeetCode_21_0198.c */; };
		6DF98EEA23A623E300D20CCB /* LeetCode_88_0198.c in Sources */ = {isa = PBXBuildFile; fileRef = 6DF98EE923A623E300D20CCB /* LeetCode_88_0198.c */; };
/* End PBXBuildFile section */

/* Begin PBXCopyFilesBuildPhase section */
		6DF98ED323A61E4D00D20CCB /* CopyFiles */ = {
			isa = PBXCopyFilesBuildPhase;
			buildActionMask = 2147483647;
			dstPath = /usr/share/man/man1/;
			dstSubfolderSpec = 0;
			files = (
			);
			runOnlyForDeploymentPostprocessing = 1;
		};
/* End PBXCopyFilesBuildPhase section */

/* Begin PBXFileReference section */
		5F7C863623A71B09008889C1 /* LeetCode_1_0198.h */ = {isa = PBXFileReference; lastKnownFileType = sourcecode.c.h; path = LeetCode_1_0198.h; sourceTree = "<group>"; };
		5F7C863723A71B09008889C1 /* LeetCode_1_0198.c */ = {isa = PBXFileReference; lastKnownFileType = sourcecode.c.c; path = LeetCode_1_0198.c; sourceTree = "<group>"; };
		5F7C863923A71BE6008889C1 /* LeetCode_283_0198.h */ = {isa = PBXFileReference; lastKnownFileType = sourcecode.c.h; path = LeetCode_283_0198.h; sourceTree = "<group>"; };
		5F7C863A23A71BE6008889C1 /* LeetCode_283_0198.c */ = {isa = PBXFileReference; lastKnownFileType = sourcecode.c.c; path = LeetCode_283_0198.c; sourceTree = "<group>"; };
		5F7C863C23A728DE008889C1 /* LeetCode_66_0198.h */ = {isa = PBXFileReference; lastKnownFileType = sourcecode.c.h; path = LeetCode_66_0198.h; sourceTree = "<group>"; };
		5F7C863D23A728DE008889C1 /* LeetCode_66_0198.c */ = {isa = PBXFileReference; lastKnownFileType = sourcecode.c.c; path = LeetCode_66_0198.c; sourceTree = "<group>"; };
		5F7C863F23A75822008889C1 /* LeetCode_641_0198.h */ = {isa = PBXFileReference; lastKnownFileType = sourcecode.c.h; path = LeetCode_641_0198.h; sourceTree = "<group>"; };
		5F7C864023A75822008889C1 /* LeetCode_641_0198.c */ = {isa = PBXFileReference; lastKnownFileType = sourcecode.c.c; path = LeetCode_641_0198.c; sourceTree = "<group>"; };
		5F7C864223A75FC5008889C1 /* LeetCode_42_0198.h */ = {isa = PBXFileReference; lastKnownFileType = sourcecode.c.h; path = LeetCode_42_0198.h; sourceTree = "<group>"; };
		5F7C864323A75FC5008889C1 /* LeetCode_42_0198.c */ = {isa = PBXFileReference; lastKnownFileType = sourcecode.c.c; path = LeetCode_42_0198.c; sourceTree = "<group>"; };
		6DF98ED523A61E4D00D20CCB /* LeetCode-week-01 */ = {isa = PBXFileReference; explicitFileType = "compiled.mach-o.executable"; includeInIndex = 0; path = "LeetCode-week-01"; sourceTree = BUILT_PRODUCTS_DIR; };
		6DF98ED823A61E4D00D20CCB /* main.m */ = {isa = PBXFileReference; lastKnownFileType = sourcecode.c.objc; path = main.m; sourceTree = "<group>"; };
		6DF98EDF23A61EBF00D20CCB /* LeetCode_26_0198.h */ = {isa = PBXFileReference; lastKnownFileType = sourcecode.c.h; path = LeetCode_26_0198.h; sourceTree = "<group>"; };
		6DF98EE023A61EBF00D20CCB /* LeetCode_26_0198.c */ = {isa = PBXFileReference; lastKnownFileType = sourcecode.c.c; path = LeetCode_26_0198.c; sourceTree = "<group>"; };
		6DF98EE223A6200500D20CCB /* LeetCode_189_0198.h */ = {isa = PBXFileReference; lastKnownFileType = sourcecode.c.h; path = LeetCode_189_0198.h; sourceTree = "<group>"; };
		6DF98EE323A6200500D20CCB /* LeetCode_189_0198.c */ = {isa = PBXFileReference; lastKnownFileType = sourcecode.c.c; path = LeetCode_189_0198.c; sourceTree = "<group>"; };
		6DF98EE523A6229C00D20CCB /* LeetCode_21_0198.h */ = {isa = PBXFileReference; lastKnownFileType = sourcecode.c.h; path = LeetCode_21_0198.h; sourceTree = "<group>"; };
		6DF98EE623A6229C00D20CCB /* LeetCode_21_0198.c */ = {isa = PBXFileReference; lastKnownFileType = sourcecode.c.c; path = LeetCode_21_0198.c; sourceTree = "<group>"; };
		6DF98EE823A623E300D20CCB /* LeetCode_88_0198.h */ = {isa = PBXFileReference; lastKnownFileType = sourcecode.c.h; path = LeetCode_88_0198.h; sourceTree = "<group>"; };
		6DF98EE923A623E300D20CCB /* LeetCode_88_0198.c */ = {isa = PBXFileReference; lastKnownFileType = sourcecode.c.c; path = LeetCode_88_0198.c; sourceTree = "<group>"; };
/* End PBXFileReference section */

/* Begin PBXFrameworksBuildPhase section */
		6DF98ED223A61E4D00D20CCB /* Frameworks */ = {
			isa = PBXFrameworksBuildPhase;
			buildActionMask = 2147483647;
			files = (
			);
			runOnlyForDeploymentPostprocessing = 0;
		};
/* End PBXFrameworksBuildPhase section */

/* Begin PBXGroup section */
		6DF98ECC23A61E4D00D20CCB = {
			isa = PBXGroup;
			children = (
				6DF98ED723A61E4D00D20CCB /* LeetCode-week-01 */,
				6DF98ED623A61E4D00D20CCB /* Products */,
			);
			sourceTree = "<group>";
		};
		6DF98ED623A61E4D00D20CCB /* Products */ = {
			isa = PBXGroup;
			children = (
				6DF98ED523A61E4D00D20CCB /* LeetCode-week-01 */,
			);
			name = Products;
			sourceTree = "<group>";
		};
		6DF98ED723A61E4D00D20CCB /* LeetCode-week-01 */ = {
			isa = PBXGroup;
			children = (
				6DF98ED823A61E4D00D20CCB /* main.m */,
				6DF98EDF23A61EBF00D20CCB /* LeetCode_26_0198.h */,
				6DF98EE023A61EBF00D20CCB /* LeetCode_26_0198.c */,
				6DF98EE223A6200500D20CCB /* LeetCode_189_0198.h */,
				6DF98EE323A6200500D20CCB /* LeetCode_189_0198.c */,
				6DF98EE523A6229C00D20CCB /* LeetCode_21_0198.h */,
				6DF98EE623A6229C00D20CCB /* LeetCode_21_0198.c */,
				6DF98EE823A623E300D20CCB /* LeetCode_88_0198.h */,
				6DF98EE923A623E300D20CCB /* LeetCode_88_0198.c */,
				5F7C863623A71B09008889C1 /* LeetCode_1_0198.h */,
				5F7C863723A71B09008889C1 /* LeetCode_1_0198.c */,
				5F7C863923A71BE6008889C1 /* LeetCode_283_0198.h */,
				5F7C863A23A71BE6008889C1 /* LeetCode_283_0198.c */,
				5F7C863C23A728DE008889C1 /* LeetCode_66_0198.h */,
				5F7C863D23A728DE008889C1 /* LeetCode_66_0198.c */,
				5F7C863F23A75822008889C1 /* LeetCode_641_0198.h */,
				5F7C864023A75822008889C1 /* LeetCode_641_0198.c */,
				5F7C864223A75FC5008889C1 /* LeetCode_42_0198.h */,
				5F7C864323A75FC5008889C1 /* LeetCode_42_0198.c */,
			);
			path = "LeetCode-week-01";
			sourceTree = "<group>";
		};
/* End PBXGroup section */

/* Begin PBXNativeTarget section */
		6DF98ED423A61E4D00D20CCB /* LeetCode-week-01 */ = {
			isa = PBXNativeTarget;
			buildConfigurationList = 6DF98EDC23A61E4D00D20CCB /* Build configuration list for PBXNativeTarget "LeetCode-week-01" */;
			buildPhases = (
				6DF98ED123A61E4D00D20CCB /* Sources */,
				6DF98ED223A61E4D00D20CCB /* Frameworks */,
				6DF98ED323A61E4D00D20CCB /* CopyFiles */,
			);
			buildRules = (
			);
			dependencies = (
			);
			name = "LeetCode-week-01";
			productName = "LeetCode-week-01";
			productReference = 6DF98ED523A61E4D00D20CCB /* LeetCode-week-01 */;
			productType = "com.apple.product-type.tool";
		};
/* End PBXNativeTarget section */

/* Begin PBXProject section */
		6DF98ECD23A61E4D00D20CCB /* Project object */ = {
			isa = PBXProject;
			attributes = {
				LastUpgradeCheck = 1120;
				ORGANIZATIONNAME = cf;
				TargetAttributes = {
					6DF98ED423A61E4D00D20CCB = {
						CreatedOnToolsVersion = 11.2;
					};
				};
			};
			buildConfigurationList = 6DF98ED023A61E4D00D20CCB /* Build configuration list for PBXProject "LeetCode-week-01" */;
			compatibilityVersion = "Xcode 9.3";
			developmentRegion = en;
			hasScannedForEncodings = 0;
			knownRegions = (
				en,
				Base,
			);
			mainGroup = 6DF98ECC23A61E4D00D20CCB;
			productRefGroup = 6DF98ED623A61E4D00D20CCB /* Products */;
			projectDirPath = "";
			projectRoot = "";
			targets = (
				6DF98ED423A61E4D00D20CCB /* LeetCode-week-01 */,
			);
		};
/* End PBXProject section */

/* Begin PBXSourcesBuildPhase section */
		6DF98ED123A61E4D00D20CCB /* Sources */ = {
			isa = PBXSourcesBuildPhase;
			buildActionMask = 2147483647;
			files = (
				5F7C864423A75FC5008889C1 /* LeetCode_42_0198.c in Sources */,
				5F7C863B23A71BE6008889C1 /* LeetCode_283_0198.c in Sources */,
				5F7C863823A71B09008889C1 /* LeetCode_1_0198.c in Sources */,
				6DF98EE423A6200500D20CCB /* LeetCode_189_0198.c in Sources */,
				6DF98EE123A61EBF00D20CCB /* LeetCode_26_0198.c in Sources */,
				5F7C863E23A728DE008889C1 /* LeetCode_66_0198.c in Sources */,
				5F7C864123A75822008889C1 /* LeetCode_641_0198.c in Sources */,
				6DF98ED923A61E4D00D20CCB /* main.m in Sources */,
				6DF98EEA23A623E300D20CCB /* LeetCode_88_0198.c in Sources */,
				6DF98EE723A6229C00D20CCB /* LeetCode_21_0198.c in Sources */,
			);
			runOnlyForDeploymentPostprocessing = 0;
		};
/* End PBXSourcesBuildPhase section */

/* Begin XCBuildConfiguration section */
		6DF98EDA23A61E4D00D20CCB /* Debug */ = {
			isa = XCBuildConfiguration;
			buildSettings = {
				ALWAYS_SEARCH_USER_PATHS = NO;
				CLANG_ANALYZER_NONNULL = YES;
				CLANG_ANALYZER_NUMBER_OBJECT_CONVERSION = YES_AGGRESSIVE;
				CLANG_CXX_LANGUAGE_STANDARD = "gnu++14";
				CLANG_CXX_LIBRARY = "libc++";
				CLANG_ENABLE_MODULES = YES;
				CLANG_ENABLE_OBJC_ARC = YES;
				CLANG_ENABLE_OBJC_WEAK = YES;
				CLANG_WARN_BLOCK_CAPTURE_AUTORELEASING = YES;
				CLANG_WARN_BOOL_CONVERSION = YES;
				CLANG_WARN_COMMA = YES;
				CLANG_WARN_CONSTANT_CONVERSION = YES;
				CLANG_WARN_DEPRECATED_OBJC_IMPLEMENTATIONS = YES;
				CLANG_WARN_DIRECT_OBJC_ISA_USAGE = YES_ERROR;
				CLANG_WARN_DOCUMENTATION_COMMENTS = YES;
				CLANG_WARN_EMPTY_BODY = YES;
				CLANG_WARN_ENUM_CONVERSION = YES;
				CLANG_WARN_INFINITE_RECURSION = YES;
				CLANG_WARN_INT_CONVERSION = YES;
				CLANG_WARN_NON_LITERAL_NULL_CONVERSION = YES;
				CLANG_WARN_OBJC_IMPLICIT_RETAIN_SELF = YES;
				CLANG_WARN_OBJC_LITERAL_CONVERSION = YES;
				CLANG_WARN_OBJC_ROOT_CLASS = YES_ERROR;
				CLANG_WARN_RANGE_LOOP_ANALYSIS = YES;
				CLANG_WARN_STRICT_PROTOTYPES = YES;
				CLANG_WARN_SUSPICIOUS_MOVE = YES;
				CLANG_WARN_UNGUARDED_AVAILABILITY = YES_AGGRESSIVE;
				CLANG_WARN_UNREACHABLE_CODE = YES;
				CLANG_WARN__DUPLICATE_METHOD_MATCH = YES;
				COPY_PHASE_STRIP = NO;
				DEBUG_INFORMATION_FORMAT = dwarf;
				ENABLE_STRICT_OBJC_MSGSEND = YES;
				ENABLE_TESTABILITY = YES;
				GCC_C_LANGUAGE_STANDARD = gnu11;
				GCC_DYNAMIC_NO_PIC = NO;
				GCC_NO_COMMON_BLOCKS = YES;
				GCC_OPTIMIZATION_LEVEL = 0;
				GCC_PREPROCESSOR_DEFINITIONS = (
					"DEBUG=1",
					"$(inherited)",
				);
				GCC_WARN_64_TO_32_BIT_CONVERSION = YES;
				GCC_WARN_ABOUT_RETURN_TYPE = YES_ERROR;
				GCC_WARN_UNDECLARED_SELECTOR = YES;
				GCC_WARN_UNINITIALIZED_AUTOS = YES_AGGRESSIVE;
				GCC_WARN_UNUSED_FUNCTION = YES;
				GCC_WARN_UNUSED_VARIABLE = YES;
				MACOSX_DEPLOYMENT_TARGET = 10.15;
				MTL_ENABLE_DEBUG_INFO = INCLUDE_SOURCE;
				MTL_FAST_MATH = YES;
				ONLY_ACTIVE_ARCH = YES;
				SDKROOT = macosx;
			};
			name = Debug;
		};
		6DF98EDB23A61E4D00D20CCB /* Release */ = {
			isa = XCBuildConfiguration;
			buildSettings = {
				ALWAYS_SEARCH_USER_PATHS = NO;
				CLANG_ANALYZER_NONNULL = YES;
				CLANG_ANALYZER_NUMBER_OBJECT_CONVERSION = YES_AGGRESSIVE;
				CLANG_CXX_LANGUAGE_STANDARD = "gnu++14";
				CLANG_CXX_LIBRARY = "libc++";
				CLANG_ENABLE_MODULES = YES;
				CLANG_ENABLE_OBJC_ARC = YES;
				CLANG_ENABLE_OBJC_WEAK = YES;
				CLANG_WARN_BLOCK_CAPTURE_AUTORELEASING = YES;
				CLANG_WARN_BOOL_CONVERSION = YES;
				CLANG_WARN_COMMA = YES;
				CLANG_WARN_CONSTANT_CONVERSION = YES;
				CLANG_WARN_DEPRECATED_OBJC_IMPLEMENTATIONS = YES;
				CLANG_WARN_DIRECT_OBJC_ISA_USAGE = YES_ERROR;
				CLANG_WARN_DOCUMENTATION_COMMENTS = YES;
				CLANG_WARN_EMPTY_BODY = YES;
				CLANG_WARN_ENUM_CONVERSION = YES;
				CLANG_WARN_INFINITE_RECURSION = YES;
				CLANG_WARN_INT_CONVERSION = YES;
				CLANG_WARN_NON_LITERAL_NULL_CONVERSION = YES;
				CLANG_WARN_OBJC_IMPLICIT_RETAIN_SELF = YES;
				CLANG_WARN_OBJC_LITERAL_CONVERSION = YES;
				CLANG_WARN_OBJC_ROOT_CLASS = YES_ERROR;
				CLANG_WARN_RANGE_LOOP_ANALYSIS = YES;
				CLANG_WARN_STRICT_PROTOTYPES = YES;
				CLANG_WARN_SUSPICIOUS_MOVE = YES;
				CLANG_WARN_UNGUARDED_AVAILABILITY = YES_AGGRESSIVE;
				CLANG_WARN_UNREACHABLE_CODE = YES;
				CLANG_WARN__DUPLICATE_METHOD_MATCH = YES;
				COPY_PHASE_STRIP = NO;
				DEBUG_INFORMATION_FORMAT = "dwarf-with-dsym";
				ENABLE_NS_ASSERTIONS = NO;
				ENABLE_STRICT_OBJC_MSGSEND = YES;
				GCC_C_LANGUAGE_STANDARD = gnu11;
				GCC_NO_COMMON_BLOCKS = YES;
				GCC_WARN_64_TO_32_BIT_CONVERSION = YES;
				GCC_WARN_ABOUT_RETURN_TYPE = YES_ERROR;
				GCC_WARN_UNDECLARED_SELECTOR = YES;
				GCC_WARN_UNINITIALIZED_AUTOS = YES_AGGRESSIVE;
				GCC_WARN_UNUSED_FUNCTION = YES;
				GCC_WARN_UNUSED_VARIABLE = YES;
				MACOSX_DEPLOYMENT_TARGET = 10.15;
				MTL_ENABLE_DEBUG_INFO = NO;
				MTL_FAST_MATH = YES;
				SDKROOT = macosx;
			};
			name = Release;
		};
		6DF98EDD23A61E4D00D20CCB /* Debug */ = {
			isa = XCBuildConfiguration;
			buildSettings = {
				CODE_SIGN_STYLE = Automatic;
				DEVELOPMENT_TEAM = 4K4R6E9S96;
				ENABLE_HARDENED_RUNTIME = YES;
				PRODUCT_NAME = "$(TARGET_NAME)";
			};
			name = Debug;
		};
		6DF98EDE23A61E4D00D20CCB /* Release */ = {
			isa = XCBuildConfiguration;
			buildSettings = {
				CODE_SIGN_STYLE = Automatic;
				DEVELOPMENT_TEAM = 4K4R6E9S96;
				ENABLE_HARDENED_RUNTIME = YES;
				PRODUCT_NAME = "$(TARGET_NAME)";
			};
			name = Release;
		};
/* End XCBuildConfiguration section */

/* Begin XCConfigurationList section */
		6DF98ED023A61E4D00D20CCB /* Build configuration list for PBXProject "LeetCode-week-01" */ = {
			isa = XCConfigurationList;
			buildConfigurations = (
				6DF98EDA23A61E4D00D20CCB /* Debug */,
				6DF98EDB23A61E4D00D20CCB /* Release */,
			);
			defaultConfigurationIsVisible = 0;
			defaultConfigurationName = Release;
		};
		6DF98EDC23A61E4D00D20CCB /* Build configuration list for PBXNativeTarget "LeetCode-week-01" */ = {
			isa = XCConfigurationList;
			buildConfigurations = (
				6DF98EDD23A61E4D00D20CCB /* Debug */,
				6DF98EDE23A61E4D00D20CCB /* Release */,
			);
			defaultConfigurationIsVisible = 0;
			defaultConfigurationName = Release;
		};
/* End XCConfigurationList section */
	};
	rootObject = 6DF98ECD23A61E4D00D20CCB /* Project object */;
}
